
Microsoft Visual Studio Solution File, Format Version 12.00
# Visual Studio 2012
Project("{FAE04EC0-301F-11D3-BF4B-00C04F79EFBC}") = "BlogProject.Core", "BlogProject.Core\BlogProject.Core.csproj", "{B6DF7117-4A05-4223-909D-B5B6159157AC}"
EndProject
Project("{FAE04EC0-301F-11D3-BF4B-00C04F79EFBC}") = "BlogProject", "BlogProject\BlogProject.csproj", "{13022D20-E997-4667-AD49-125C0725E993}"
EndProject
Global
	GlobalSection(SolutionConfigurationPlatforms) = preSolution
		Debug|Any CPU = Debug|Any CPU
		Release|Any CPU = Release|Any CPU
	EndGlobalSection
	GlobalSection(ProjectConfigurationPlatforms) = postSolution
		{B6DF7117-4A05-4223-909D-B5B6159157AC}.Debug|Any CPU.ActiveCfg = Debug|Any CPU
		{B6DF7117-4A05-4223-909D-B5B6159157AC}.Debug|Any CPU.Build.0 = Debug|Any CPU
		{B6DF7117-4A05-4223-909D-B5B6159157AC}.Release|Any CPU.ActiveCfg = Release|Any CPU
		{B6DF7117-4A05-4223-909D-B5B6159157AC}.Release|Any CPU.Build.0 = Release|Any CPU
		{13022D20-E997-4667-AD49-125C0725E993}.Debug|Any CPU.ActiveCfg = Debug|Any CPU
		{13022D20-E997-4667-AD49-125C0725E993}.Debug|Any CPU.Build.0 = Debug|Any CPU
		{13022D20-E997-4667-AD49-125C0725E993}.Release|Any CPU.ActiveCfg = Release|Any CPU
		{13022D20-E997-4667-AD49-125C0725E993}.Release|Any CPU.Build.0 = Release|Any CPU
	EndGlobalSection
	GlobalSection(SolutionProperties) = preSolution
		HideSolutionNode = FALSE
	EndGlobalSection
EndGlobal
